{
  "requires": true,
  "lockfileVersion": 1,
  "dependencies": {
    "daemonite-material": {
      "version": "4.0.0",
      "resolved": "https://registry.npmjs.org/daemonite-material/-/daemonite-material-4.0.0.tgz",
      "integrity": "sha512-G8y9KC7k3NgZHcPXsjEQUM8QkMqZXt9xEt8hho1C2vhkzz0khidpuNAFGIc8jCzPCcAhJD+2+f8+J/y8AKujNw=="
    }
  }
}
